
Microsoft Visual Studio Solution File, Format Version 12.00
# Visual Studio Version 17
VisualStudioVersion = 17.4.33213.308
MinimumVisualStudioVersion = 10.0.40219.1
Project("{8BC9CEB8-8B4A-11D0-8D11-00A0C91BC942}") = "symcrypt", "lib\symcrypt.vcxproj", "{7C3BD5D2-7213-4CFA-B6CB-EB41623601BC}"
EndProject
Project("{8BC9CEB8-8B4A-11D0-8D11-00A0C91BC942}") = "symcryptunittest_lib", "unittest\lib\symcryptunittest_lib.vcxproj", "{1146804C-B04F-43F1-83B0-081A5187BA02}"
EndProject
Project("{8BC9CEB8-8B4A-11D0-8D11-00A0C91BC942}") = "symcryptunittest", "unittest\exe_test\symcryptunittest.vcxproj", "{1651C608-DD2F-4D18-8E5B-E3C1D11BD7B9}"
	ProjectSection(ProjectDependencies) = postProject
		{1146804C-B04F-43F1-83B0-081A5187BA02} = {1146804C-B04F-43F1-83B0-081A5187BA02}
		{7C3BD5D2-7213-4CFA-B6CB-EB41623601BC} = {7C3BD5D2-7213-4CFA-B6CB-EB41623601BC}
	EndProjectSection
EndProject
Project("{8BC9CEB8-8B4A-11D0-8D11-00A0C91BC942}") = "symcrypttestmodule", "unittest\module_windows\symcrypttestmodule.vcxproj", "{E5919189-A4AF-40C4-81CB-A3685485276E}"
	ProjectSection(ProjectDependencies) = postProject
		{1146804C-B04F-43F1-83B0-081A5187BA02} = {1146804C-B04F-43F1-83B0-081A5187BA02}
		{7C3BD5D2-7213-4CFA-B6CB-EB41623601BC} = {7C3BD5D2-7213-4CFA-B6CB-EB41623601BC}
	EndProjectSection
EndProject
Project("{8BC9CEB8-8B4A-11D0-8D11-00A0C91BC942}") = "SymCryptKernelTestModule", "unittest\module_windows_sys_km\SymCryptKernelTestModule.vcxproj", "{0C2652ED-2CCD-4FAF-910B-74FB90E0C31C}"
	ProjectSection(ProjectDependencies) = postProject
		{1146804C-B04F-43F1-83B0-081A5187BA02} = {1146804C-B04F-43F1-83B0-081A5187BA02}
		{7C3BD5D2-7213-4CFA-B6CB-EB41623601BC} = {7C3BD5D2-7213-4CFA-B6CB-EB41623601BC}
	EndProjectSection
EndProject
Project("{8BC9CEB8-8B4A-11D0-8D11-00A0C91BC942}") = "SymCryptKernelTestModule_UM", "unittest\module_windows_sys_um\SymCryptKernelTestModule_UM.vcxproj", "{07DBF66B-64EA-4D2C-9182-9C6E2D89C7DB}"
	ProjectSection(ProjectDependencies) = postProject
		{7C3BD5D2-7213-4CFA-B6CB-EB41623601BC} = {7C3BD5D2-7213-4CFA-B6CB-EB41623601BC}
	EndProjectSection
EndProject
Project("{8BC9CEB8-8B4A-11D0-8D11-00A0C91BC942}") = "symcryptk", "modules\windows\kernel\symcryptk.vcxproj", "{5A666AF4-35C9-42FE-817D-9D9A07AAF253}"
	ProjectSection(ProjectDependencies) = postProject
		{7C3BD5D2-7213-4CFA-B6CB-EB41623601BC} = {7C3BD5D2-7213-4CFA-B6CB-EB41623601BC}
	EndProjectSection
EndProject
Global
	GlobalSection(SolutionConfigurationPlatforms) = preSolution
		Debug|ARM64 = Debug|ARM64
		Debug|ARM64EC = Debug|ARM64EC
		Debug|x64 = Debug|x64
		Debug|x86 = Debug|x86
		Release|ARM64 = Release|ARM64
		Release|ARM64EC = Release|ARM64EC
		Release|x64 = Release|x64
		Release|x86 = Release|x86
	EndGlobalSection
	GlobalSection(ProjectConfigurationPlatforms) = postSolution
		# symcrypt.lib
		{7C3BD5D2-7213-4CFA-B6CB-EB41623601BC}.Debug|ARM64.ActiveCfg = Debug|ARM64
		{7C3BD5D2-7213-4CFA-B6CB-EB41623601BC}.Debug|ARM64.Build.0 = Debug|ARM64

		{7C3BD5D2-7213-4CFA-B6CB-EB41623601BC}.Debug|ARM64EC.ActiveCfg = Debug|ARM64EC
		{7C3BD5D2-7213-4CFA-B6CB-EB41623601BC}.Debug|ARM64EC.Build.0 = Debug|ARM64EC

		{7C3BD5D2-7213-4CFA-B6CB-EB41623601BC}.Debug|x64.ActiveCfg = Debug|x64
		{7C3BD5D2-7213-4CFA-B6CB-EB41623601BC}.Debug|x64.Build.0 = Debug|x64

		{7C3BD5D2-7213-4CFA-B6CB-EB41623601BC}.Debug|x86.ActiveCfg = Debug|Win32
		{7C3BD5D2-7213-4CFA-B6CB-EB41623601BC}.Debug|x86.Build.0 = Debug|Win32

		{7C3BD5D2-7213-4CFA-B6CB-EB41623601BC}.Release|ARM64.ActiveCfg = Release|ARM64
		{7C3BD5D2-7213-4CFA-B6CB-EB41623601BC}.Release|ARM64.Build.0 = Release|ARM64

		{7C3BD5D2-7213-4CFA-B6CB-EB41623601BC}.Release|ARM64EC.ActiveCfg = Release|ARM64EC
		{7C3BD5D2-7213-4CFA-B6CB-EB41623601BC}.Release|ARM64EC.Build.0 = Release|ARM64EC

		{7C3BD5D2-7213-4CFA-B6CB-EB41623601BC}.Release|x64.ActiveCfg = Release|x64
		{7C3BD5D2-7213-4CFA-B6CB-EB41623601BC}.Release|x64.Build.0 = Release|x64

		{7C3BD5D2-7213-4CFA-B6CB-EB41623601BC}.Release|x86.ActiveCfg = Release|Win32
		{7C3BD5D2-7213-4CFA-B6CB-EB41623601BC}.Release|x86.Build.0 = Release|Win32

		# symcryptunittest.lib
		{1146804C-B04F-43F1-83B0-081A5187BA02}.Debug|ARM64.ActiveCfg = Debug|ARM64
		{1146804C-B04F-43F1-83B0-081A5187BA02}.Debug|ARM64.Build.0 = Debug|ARM64

		{1146804C-B04F-43F1-83B0-081A5187BA02}.Debug|ARM64EC.ActiveCfg = Debug|ARM64EC
		{1146804C-B04F-43F1-83B0-081A5187BA02}.Debug|ARM64EC.Build.0 = Debug|ARM64EC

		{1146804C-B04F-43F1-83B0-081A5187BA02}.Debug|x64.ActiveCfg = Debug|x64
		{1146804C-B04F-43F1-83B0-081A5187BA02}.Debug|x64.Build.0 = Debug|x64

		{1146804C-B04F-43F1-83B0-081A5187BA02}.Debug|x86.ActiveCfg = Debug|Win32
		{1146804C-B04F-43F1-83B0-081A5187BA02}.Debug|x86.Build.0 = Debug|Win32

		{1146804C-B04F-43F1-83B0-081A5187BA02}.Release|ARM64.ActiveCfg = Release|ARM64
		{1146804C-B04F-43F1-83B0-081A5187BA02}.Release|ARM64.Build.0 = Release|ARM64

		{1146804C-B04F-43F1-83B0-081A5187BA02}.Release|ARM64EC.ActiveCfg = Release|ARM64EC
		{1146804C-B04F-43F1-83B0-081A5187BA02}.Release|ARM64EC.Build.0 = Release|ARM64EC

		{1146804C-B04F-43F1-83B0-081A5187BA02}.Release|x64.ActiveCfg = Release|x64
		{1146804C-B04F-43F1-83B0-081A5187BA02}.Release|x64.Build.0 = Release|x64

		{1146804C-B04F-43F1-83B0-081A5187BA02}.Release|x86.ActiveCfg = Release|Win32
		{1146804C-B04F-43F1-83B0-081A5187BA02}.Release|x86.Build.0 = Release|Win32

		# symcryptunittest.exe
		{1651C608-DD2F-4D18-8E5B-E3C1D11BD7B9}.Debug|ARM64.ActiveCfg = Debug|ARM64
		{1651C608-DD2F-4D18-8E5B-E3C1D11BD7B9}.Debug|ARM64.Build.0 = Debug|ARM64

		{1651C608-DD2F-4D18-8E5B-E3C1D11BD7B9}.Debug|ARM64EC.ActiveCfg = Debug|ARM64EC
		{1651C608-DD2F-4D18-8E5B-E3C1D11BD7B9}.Debug|ARM64EC.Build.0 = Debug|ARM64EC

		{1651C608-DD2F-4D18-8E5B-E3C1D11BD7B9}.Debug|x64.ActiveCfg = Debug|x64
		{1651C608-DD2F-4D18-8E5B-E3C1D11BD7B9}.Debug|x64.Build.0 = Debug|x64

		{1651C608-DD2F-4D18-8E5B-E3C1D11BD7B9}.Debug|x86.ActiveCfg = Debug|Win32
		{1651C608-DD2F-4D18-8E5B-E3C1D11BD7B9}.Debug|x86.Build.0 = Debug|Win32

		{1651C608-DD2F-4D18-8E5B-E3C1D11BD7B9}.Release|ARM64.ActiveCfg = Release|ARM64
		{1651C608-DD2F-4D18-8E5B-E3C1D11BD7B9}.Release|ARM64.Build.0 = Release|ARM64

		{1651C608-DD2F-4D18-8E5B-E3C1D11BD7B9}.Release|ARM64EC.ActiveCfg = Release|ARM64EC
		{1651C608-DD2F-4D18-8E5B-E3C1D11BD7B9}.Release|ARM64EC.Build.0 = Release|ARM64EC

		{1651C608-DD2F-4D18-8E5B-E3C1D11BD7B9}.Release|x64.ActiveCfg = Release|x64
		{1651C608-DD2F-4D18-8E5B-E3C1D11BD7B9}.Release|x64.Build.0 = Release|x64

		{1651C608-DD2F-4D18-8E5B-E3C1D11BD7B9}.Release|x86.ActiveCfg = Release|Win32
		{1651C608-DD2F-4D18-8E5B-E3C1D11BD7B9}.Release|x86.Build.0 = Release|Win32

		# symcrypttestmodule.dll
		{E5919189-A4AF-40C4-81CB-A3685485276E}.Debug|ARM64.ActiveCfg = Debug|ARM64
		{E5919189-A4AF-40C4-81CB-A3685485276E}.Debug|ARM64.Build.0 = Debug|ARM64

		{E5919189-A4AF-40C4-81CB-A3685485276E}.Debug|ARM64EC.ActiveCfg = Debug|ARM64EC
		{E5919189-A4AF-40C4-81CB-A3685485276E}.Debug|ARM64EC.Build.0 = Debug|ARM64EC

		{E5919189-A4AF-40C4-81CB-A3685485276E}.Debug|x64.ActiveCfg = Debug|x64
		{E5919189-A4AF-40C4-81CB-A3685485276E}.Debug|x64.Build.0 = Debug|x64

		{E5919189-A4AF-40C4-81CB-A3685485276E}.Debug|x86.ActiveCfg = Debug|Win32
		{E5919189-A4AF-40C4-81CB-A3685485276E}.Debug|x86.Build.0 = Debug|Win32

		{E5919189-A4AF-40C4-81CB-A3685485276E}.Release|ARM64.ActiveCfg = Release|ARM64
		{E5919189-A4AF-40C4-81CB-A3685485276E}.Release|ARM64.Build.0 = Release|ARM64

		{E5919189-A4AF-40C4-81CB-A3685485276E}.Release|ARM64EC.ActiveCfg = Release|ARM64EC
		{E5919189-A4AF-40C4-81CB-A3685485276E}.Release|ARM64EC.Build.0 = Release|ARM64EC

		{E5919189-A4AF-40C4-81CB-A3685485276E}.Release|x64.ActiveCfg = Release|x64
		{E5919189-A4AF-40C4-81CB-A3685485276E}.Release|x64.Build.0 = Release|x64

		{E5919189-A4AF-40C4-81CB-A3685485276E}.Release|x86.ActiveCfg = Release|Win32
		{E5919189-A4AF-40C4-81CB-A3685485276E}.Release|x86.Build.0 = Release|Win32

		# SymCryptKernelTestModule.sys
		{0C2652ED-2CCD-4FAF-910B-74FB90E0C31C}.Debug|ARM64.ActiveCfg = Debug|ARM64
		{0C2652ED-2CCD-4FAF-910B-74FB90E0C31C}.Debug|ARM64.Build.0 = Debug|ARM64

		{0C2652ED-2CCD-4FAF-910B-74FB90E0C31C}.Debug|ARM64EC.ActiveCfg = Debug|ARM64EC

		{0C2652ED-2CCD-4FAF-910B-74FB90E0C31C}.Debug|x64.ActiveCfg = Debug|x64
		{0C2652ED-2CCD-4FAF-910B-74FB90E0C31C}.Debug|x64.Build.0 = Debug|x64

		{0C2652ED-2CCD-4FAF-910B-74FB90E0C31C}.Debug|x86.ActiveCfg = Debug|Win32

		{0C2652ED-2CCD-4FAF-910B-74FB90E0C31C}.Release|ARM64.ActiveCfg = Release|ARM64
		{0C2652ED-2CCD-4FAF-910B-74FB90E0C31C}.Release|ARM64.Build.0 = Release|ARM64

		{0C2652ED-2CCD-4FAF-910B-74FB90E0C31C}.Release|ARM64EC.ActiveCfg = Release|ARM64EC

		{0C2652ED-2CCD-4FAF-910B-74FB90E0C31C}.Release|x64.ActiveCfg = Release|x64
		{0C2652ED-2CCD-4FAF-910B-74FB90E0C31C}.Release|x64.Build.0 = Release|x64

		{0C2652ED-2CCD-4FAF-910B-74FB90E0C31C}.Release|x86.ActiveCfg = Release|Win32

		# SymCryptKernelTestModule_UM.dll
		{07DBF66B-64EA-4D2C-9182-9C6E2D89C7DB}.Debug|ARM64.ActiveCfg = Debug|ARM64
		{07DBF66B-64EA-4D2C-9182-9C6E2D89C7DB}.Debug|ARM64.Build.0 = Debug|ARM64

		{07DBF66B-64EA-4D2C-9182-9C6E2D89C7DB}.Debug|ARM64EC.ActiveCfg = Debug|ARM64EC
		{07DBF66B-64EA-4D2C-9182-9C6E2D89C7DB}.Debug|ARM64EC.Build.0 = Debug|ARM64EC

		{07DBF66B-64EA-4D2C-9182-9C6E2D89C7DB}.Debug|x64.ActiveCfg = Debug|x64
		{07DBF66B-64EA-4D2C-9182-9C6E2D89C7DB}.Debug|x64.Build.0 = Debug|x64

		{07DBF66B-64EA-4D2C-9182-9C6E2D89C7DB}.Debug|x86.ActiveCfg = Debug|Win32

		{07DBF66B-64EA-4D2C-9182-9C6E2D89C7DB}.Release|ARM64.ActiveCfg = Release|ARM64
		{07DBF66B-64EA-4D2C-9182-9C6E2D89C7DB}.Release|ARM64.Build.0 = Release|ARM64

		{07DBF66B-64EA-4D2C-9182-9C6E2D89C7DB}.Release|ARM64EC.ActiveCfg = Release|ARM64EC
		{07DBF66B-64EA-4D2C-9182-9C6E2D89C7DB}.Release|ARM64EC.Build.0 = Release|ARM64EC

		{07DBF66B-64EA-4D2C-9182-9C6E2D89C7DB}.Release|x64.ActiveCfg = Release|x64
		{07DBF66B-64EA-4D2C-9182-9C6E2D89C7DB}.Release|x64.Build.0 = Release|x64

		{07DBF66B-64EA-4D2C-9182-9C6E2D89C7DB}.Release|x86.ActiveCfg = Release|Win32

		# symcryptk.dll
		{5A666AF4-35C9-42FE-817D-9D9A07AAF253}.Debug|ARM64.ActiveCfg = Debug|ARM64
		{5A666AF4-35C9-42FE-817D-9D9A07AAF253}.Debug|ARM64.Build.0 = Debug|ARM64

		{5A666AF4-35C9-42FE-817D-9D9A07AAF253}.Debug|ARM64EC.ActiveCfg = Debug|ARM64EC

		{5A666AF4-35C9-42FE-817D-9D9A07AAF253}.Debug|x64.ActiveCfg = Debug|x64
		{5A666AF4-35C9-42FE-817D-9D9A07AAF253}.Debug|x64.Build.0 = Debug|x64

		{5A666AF4-35C9-42FE-817D-9D9A07AAF253}.Debug|x86.ActiveCfg = Debug|Win32

		{5A666AF4-35C9-42FE-817D-9D9A07AAF253}.Release|ARM64.ActiveCfg = Release|ARM64
		{5A666AF4-35C9-42FE-817D-9D9A07AAF253}.Release|ARM64.Build.0 = Release|ARM64

		{5A666AF4-35C9-42FE-817D-9D9A07AAF253}.Release|ARM64EC.ActiveCfg = Release|ARM64EC

		{5A666AF4-35C9-42FE-817D-9D9A07AAF253}.Release|x64.ActiveCfg = Release|x64
		{5A666AF4-35C9-42FE-817D-9D9A07AAF253}.Release|x64.Build.0 = Release|x64

		{5A666AF4-35C9-42FE-817D-9D9A07AAF253}.Release|x86.ActiveCfg = Release|Win32


	EndGlobalSection
	GlobalSection(SolutionProperties) = preSolution
		HideSolutionNode = FALSE
	EndGlobalSection
	GlobalSection(ExtensibilityGlobals) = postSolution
		SolutionGuid = {22A402C8-B03D-47C8-8662-652378D4A5CC}
	EndGlobalSection
EndGlobal
