// !$*UTF8*$!
{
	archiveVersion = 1;
	classes = {
	};
	objectVersion = 46;
	objects = {

/* Begin PBXBuildFile section */
		1A8E0F941B44C08700E5DCDC /* 3des.c in Sources */ = {isa = PBXBuildFile; fileRef = 1A8E0F5C1B44C08700E5DCDC /* 3des.c */; };
		1A8E0F951B44C08700E5DCDC /* aes-asm.c in Sources */ = {isa = PBXBuildFile; fileRef = 1A8E0F5D1B44C08700E5DCDC /* aes-asm.c */; };
		1A8E0F961B44C08700E5DCDC /* aes-c.c in Sources */ = {isa = PBXBuildFile; fileRef = 1A8E0F5E1B44C08700E5DCDC /* aes-c.c */; };
		1A8E0F971B44C08700E5DCDC /* aes-default-bc.c in Sources */ = {isa = PBXBuildFile; fileRef = 1A8E0F5F1B44C08700E5DCDC /* aes-default-bc.c */; };
		1A8E0F981B44C08700E5DCDC /* aes-default.c in Sources */ = {isa = PBXBuildFile; fileRef = 1A8E0F601B44C08700E5DCDC /* aes-default.c */; };
		1A8E0F991B44C08700E5DCDC /* aes-key.c in Sources */ = {isa = PBXBuildFile; fileRef = 1A8E0F611B44C08700E5DCDC /* aes-key.c */; };
		1A8E0F9A1B44C08700E5DCDC /* aes-selftest.c in Sources */ = {isa = PBXBuildFile; fileRef = 1A8E0F621B44C08700E5DCDC /* aes-selftest.c */; };
		1A8E0F9B1B44C08700E5DCDC /* aes-xmm.c in Sources */ = {isa = PBXBuildFile; fileRef = 1A8E0F631B44C08700E5DCDC /* aes-xmm.c */; };
		1A8E0F9C1B44C08700E5DCDC /* aescmac.c in Sources */ = {isa = PBXBuildFile; fileRef = 1A8E0F641B44C08700E5DCDC /* aescmac.c */; };
		1A8E0F9D1B44C08700E5DCDC /* aesCtrDrbg.c in Sources */ = {isa = PBXBuildFile; fileRef = 1A8E0F651B44C08700E5DCDC /* aesCtrDrbg.c */; };
		1A8E0F9E1B44C08700E5DCDC /* AesTables.c in Sources */ = {isa = PBXBuildFile; fileRef = 1A8E0F661B44C08700E5DCDC /* AesTables.c */; };
		1A8E0F9F1B44C08700E5DCDC /* blockciphermodes.c in Sources */ = {isa = PBXBuildFile; fileRef = 1A8E0F671B44C08700E5DCDC /* blockciphermodes.c */; };
		1A8E0FA01B44C08700E5DCDC /* ccm.c in Sources */ = {isa = PBXBuildFile; fileRef = 1A8E0F681B44C08700E5DCDC /* ccm.c */; };
		1A8E0FA11B44C08700E5DCDC /* cpuid.c in Sources */ = {isa = PBXBuildFile; fileRef = 1A8E0F691B44C08700E5DCDC /* cpuid.c */; };
		1A8E0FA21B44C08700E5DCDC /* DesTables.c in Sources */ = {isa = PBXBuildFile; fileRef = 1A8E0F6A1B44C08700E5DCDC /* DesTables.c */; };
		1A8E0FA31B44C08700E5DCDC /* desx.c in Sources */ = {isa = PBXBuildFile; fileRef = 1A8E0F6B1B44C08700E5DCDC /* desx.c */; };
		1A8E0FA41B44C08700E5DCDC /* env_generic.c in Sources */ = {isa = PBXBuildFile; fileRef = 1A8E0F6C1B44C08700E5DCDC /* env_generic.c */; };
		1A8E0FA51B44C08700E5DCDC /* equal.c in Sources */ = {isa = PBXBuildFile; fileRef = 1A8E0F6D1B44C08700E5DCDC /* equal.c */; };
		1A8E0FA61B44C08700E5DCDC /* FatalIntercept.c in Sources */ = {isa = PBXBuildFile; fileRef = 1A8E0F6E1B44C08700E5DCDC /* FatalIntercept.c */; };
		1A8E0FA71B44C08700E5DCDC /* gcm.c in Sources */ = {isa = PBXBuildFile; fileRef = 1A8E0F6F1B44C08700E5DCDC /* gcm.c */; };
		1A8E0FA81B44C08700E5DCDC /* ghash.c in Sources */ = {isa = PBXBuildFile; fileRef = 1A8E0F701B44C08700E5DCDC /* ghash.c */; };
		1A8E0FA91B44C08700E5DCDC /* hash.c in Sources */ = {isa = PBXBuildFile; fileRef = 1A8E0F711B44C08700E5DCDC /* hash.c */; };
		1A8E0FAA1B44C08700E5DCDC /* hmacmd5.c in Sources */ = {isa = PBXBuildFile; fileRef = 1A8E0F721B44C08700E5DCDC /* hmacmd5.c */; };
		1A8E0FAB1B44C08700E5DCDC /* hmacsha1.c in Sources */ = {isa = PBXBuildFile; fileRef = 1A8E0F731B44C08700E5DCDC /* hmacsha1.c */; };
		1A8E0FAC1B44C08700E5DCDC /* hmacsha256.c in Sources */ = {isa = PBXBuildFile; fileRef = 1A8E0F741B44C08700E5DCDC /* hmacsha256.c */; };
		1A8E0FAD1B44C08700E5DCDC /* hmacsha384.c in Sources */ = {isa = PBXBuildFile; fileRef = 1A8E0F751B44C08700E5DCDC /* hmacsha384.c */; };
		1A8E0FAE1B44C08700E5DCDC /* hmacsha512.c in Sources */ = {isa = PBXBuildFile; fileRef = 1A8E0F761B44C08700E5DCDC /* hmacsha512.c */; };
		1A8E0FAF1B44C08700E5DCDC /* libmain.c in Sources */ = {isa = PBXBuildFile; fileRef = 1A8E0F771B44C08700E5DCDC /* libmain.c */; };
		1A8E0FB01B44C08700E5DCDC /* marvin32.c in Sources */ = {isa = PBXBuildFile; fileRef = 1A8E0F781B44C08700E5DCDC /* marvin32.c */; };
		1A8E0FB11B44C08700E5DCDC /* md2.c in Sources */ = {isa = PBXBuildFile; fileRef = 1A8E0F791B44C08700E5DCDC /* md2.c */; };
		1A8E0FB21B44C08700E5DCDC /* md4.c in Sources */ = {isa = PBXBuildFile; fileRef = 1A8E0F7A1B44C08700E5DCDC /* md4.c */; };
		1A8E0FB31B44C08700E5DCDC /* md5.c in Sources */ = {isa = PBXBuildFile; fileRef = 1A8E0F7B1B44C08700E5DCDC /* md5.c */; };
		1A8E0FB41B44C08700E5DCDC /* parhash.c in Sources */ = {isa = PBXBuildFile; fileRef = 1A8E0F7C1B44C08700E5DCDC /* parhash.c */; };
		1A8E0FB51B44C08700E5DCDC /* pbkdf2_hmacsha1.c in Sources */ = {isa = PBXBuildFile; fileRef = 1A8E0F7D1B44C08700E5DCDC /* pbkdf2_hmacsha1.c */; };
		1A8E0FB61B44C08700E5DCDC /* pbkdf2_hmacsha256.c in Sources */ = {isa = PBXBuildFile; fileRef = 1A8E0F7E1B44C08700E5DCDC /* pbkdf2_hmacsha256.c */; };
		1A8E0FB71B44C08700E5DCDC /* pbkdf2.c in Sources */ = {isa = PBXBuildFile; fileRef = 1A8E0F7F1B44C08700E5DCDC /* pbkdf2.c */; };
		1A8E0FB81B44C08700E5DCDC /* rc2.c in Sources */ = {isa = PBXBuildFile; fileRef = 1A8E0F811B44C08700E5DCDC /* rc2.c */; };
		1A8E0FB91B44C08700E5DCDC /* rc4.c in Sources */ = {isa = PBXBuildFile; fileRef = 1A8E0F821B44C08700E5DCDC /* rc4.c */; };
		1A8E0FBA1B44C08700E5DCDC /* rdrand.c in Sources */ = {isa = PBXBuildFile; fileRef = 1A8E0F831B44C08700E5DCDC /* rdrand.c */; };
		1A8E0FBB1B44C08700E5DCDC /* rdseed.c in Sources */ = {isa = PBXBuildFile; fileRef = 1A8E0F841B44C08700E5DCDC /* rdseed.c */; };
		1A8E0FBC1B44C08700E5DCDC /* selftest.c in Sources */ = {isa = PBXBuildFile; fileRef = 1A8E0F871B44C08700E5DCDC /* selftest.c */; };
		1A8E0FBD1B44C08700E5DCDC /* sha1.c in Sources */ = {isa = PBXBuildFile; fileRef = 1A8E0F881B44C08700E5DCDC /* sha1.c */; };
		1A8E0FBE1B44C08700E5DCDC /* sha256.c in Sources */ = {isa = PBXBuildFile; fileRef = 1A8E0F891B44C08700E5DCDC /* sha256.c */; };
		1A8E0FBF1B44C08700E5DCDC /* sha256Par.c in Sources */ = {isa = PBXBuildFile; fileRef = 1A8E0F8A1B44C08700E5DCDC /* sha256Par.c */; };
		1A8E0FC01B44C08700E5DCDC /* sha512.c in Sources */ = {isa = PBXBuildFile; fileRef = 1A8E0F8B1B44C08700E5DCDC /* sha512.c */; };
		1A8E0FC11B44C08700E5DCDC /* sha512par.c in Sources */ = {isa = PBXBuildFile; fileRef = 1A8E0F8C1B44C08700E5DCDC /* sha512par.c */; };
		1A8E0FC21B44C08700E5DCDC /* sp800_108_hmacsha1.c in Sources */ = {isa = PBXBuildFile; fileRef = 1A8E0F8D1B44C08700E5DCDC /* sp800_108_hmacsha1.c */; };
		1A8E0FC31B44C08700E5DCDC /* sp800_108_hmacsha256.c in Sources */ = {isa = PBXBuildFile; fileRef = 1A8E0F8E1B44C08700E5DCDC /* sp800_108_hmacsha256.c */; };
		1A8E0FC41B44C08700E5DCDC /* sp800_108.c in Sources */ = {isa = PBXBuildFile; fileRef = 1A8E0F8F1B44C08700E5DCDC /* sp800_108.c */; };
		1A8E0FC51B44C08700E5DCDC /* tlsprf_selftest.c in Sources */ = {isa = PBXBuildFile; fileRef = 1A8E0F901B44C08700E5DCDC /* tlsprf_selftest.c */; };
		1A8E0FC61B44C08700E5DCDC /* tlsprf.c in Sources */ = {isa = PBXBuildFile; fileRef = 1A8E0F911B44C08700E5DCDC /* tlsprf.c */; };
		1A8E0FC71B44C08700E5DCDC /* wipe.c in Sources */ = {isa = PBXBuildFile; fileRef = 1A8E0F921B44C08700E5DCDC /* wipe.c */; };
		1A8E0FC81B44C08700E5DCDC /* xtsaes.c in Sources */ = {isa = PBXBuildFile; fileRef = 1A8E0F931B44C08700E5DCDC /* xtsaes.c */; };
/* End PBXBuildFile section */

/* Begin PBXCopyFilesBuildPhase section */
		1AFC52A31B44BBB80000C4D3 /* CopyFiles */ = {
			isa = PBXCopyFilesBuildPhase;
			buildActionMask = 2147483647;
			dstPath = "include/$(PRODUCT_NAME)";
			dstSubfolderSpec = 16;
			files = (
			);
			runOnlyForDeploymentPostprocessing = 0;
		};
/* End PBXCopyFilesBuildPhase section */

/* Begin PBXFileReference section */
		1A8E0F551B44C02A00E5DCDC /* symcrypt_inline.h */ = {isa = PBXFileReference; fileEncoding = 4; lastKnownFileType = sourcecode.c.h; name = symcrypt_inline.h; path = ../../inc/symcrypt_inline.h; sourceTree = "<group>"; };
		1A8E0F561B44C02A00E5DCDC /* symcrypt_internal.h */ = {isa = PBXFileReference; fileEncoding = 4; lastKnownFileType = sourcecode.c.h; name = symcrypt_internal.h; path = ../../inc/symcrypt_internal.h; sourceTree = "<group>"; };
		1A8E0F571B44C02A00E5DCDC /* symcrypt_no_sal.h */ = {isa = PBXFileReference; fileEncoding = 4; lastKnownFileType = sourcecode.c.h; name = symcrypt_no_sal.h; path = ../../inc/symcrypt_no_sal.h; sourceTree = "<group>"; };
		1A8E0F581B44C02A00E5DCDC /* symcrypt_types.h */ = {isa = PBXFileReference; fileEncoding = 4; lastKnownFileType = sourcecode.c.h; name = symcrypt_types.h; path = ../../inc/symcrypt_types.h; sourceTree = "<group>"; };
		1A8E0F591B44C02A00E5DCDC /* symcrypt.h */ = {isa = PBXFileReference; fileEncoding = 4; lastKnownFileType = sourcecode.c.h; name = symcrypt.h; path = ../../inc/symcrypt.h; sourceTree = "<group>"; };
		1A8E0F5C1B44C08700E5DCDC /* 3des.c */ = {isa = PBXFileReference; fileEncoding = 4; lastKnownFileType = sourcecode.c.c; name = 3des.c; path = ../3des.c; sourceTree = "<group>"; };
		1A8E0F5D1B44C08700E5DCDC /* aes-asm.c */ = {isa = PBXFileReference; fileEncoding = 4; lastKnownFileType = sourcecode.c.c; name = "aes-asm.c"; path = "../aes-asm.c"; sourceTree = "<group>"; };
		1A8E0F5E1B44C08700E5DCDC /* aes-c.c */ = {isa = PBXFileReference; fileEncoding = 4; lastKnownFileType = sourcecode.c.c; name = "aes-c.c"; path = "../aes-c.c"; sourceTree = "<group>"; };
		1A8E0F5F1B44C08700E5DCDC /* aes-default-bc.c */ = {isa = PBXFileReference; fileEncoding = 4; lastKnownFileType = sourcecode.c.c; name = "aes-default-bc.c"; path = "../aes-default-bc.c"; sourceTree = "<group>"; };
		1A8E0F601B44C08700E5DCDC /* aes-default.c */ = {isa = PBXFileReference; fileEncoding = 4; lastKnownFileType = sourcecode.c.c; name = "aes-default.c"; path = "../aes-default.c"; sourceTree = "<group>"; };
		1A8E0F611B44C08700E5DCDC /* aes-key.c */ = {isa = PBXFileReference; fileEncoding = 4; lastKnownFileType = sourcecode.c.c; name = "aes-key.c"; path = "../aes-key.c"; sourceTree = "<group>"; };
		1A8E0F621B44C08700E5DCDC /* aes-selftest.c */ = {isa = PBXFileReference; fileEncoding = 4; lastKnownFileType = sourcecode.c.c; name = "aes-selftest.c"; path = "../aes-selftest.c"; sourceTree = "<group>"; };
		1A8E0F631B44C08700E5DCDC /* aes-xmm.c */ = {isa = PBXFileReference; fileEncoding = 4; lastKnownFileType = sourcecode.c.c; name = "aes-xmm.c"; path = "../aes-xmm.c"; sourceTree = "<group>"; };
		1A8E0F641B44C08700E5DCDC /* aescmac.c */ = {isa = PBXFileReference; fileEncoding = 4; lastKnownFileType = sourcecode.c.c; name = aescmac.c; path = ../aescmac.c; sourceTree = "<group>"; };
		1A8E0F651B44C08700E5DCDC /* aesCtrDrbg.c */ = {isa = PBXFileReference; fileEncoding = 4; lastKnownFileType = sourcecode.c.c; name = aesCtrDrbg.c; path = ../aesCtrDrbg.c; sourceTree = "<group>"; };
		1A8E0F661B44C08700E5DCDC /* AesTables.c */ = {isa = PBXFileReference; fileEncoding = 4; lastKnownFileType = sourcecode.c.c; name = AesTables.c; path = ../AesTables.c; sourceTree = "<group>"; };
		1A8E0F671B44C08700E5DCDC /* blockciphermodes.c */ = {isa = PBXFileReference; fileEncoding = 4; lastKnownFileType = sourcecode.c.c; name = blockciphermodes.c; path = ../blockciphermodes.c; sourceTree = "<group>"; };
		1A8E0F681B44C08700E5DCDC /* ccm.c */ = {isa = PBXFileReference; fileEncoding = 4; lastKnownFileType = sourcecode.c.c; name = ccm.c; path = ../ccm.c; sourceTree = "<group>"; };
		1A8E0F691B44C08700E5DCDC /* cpuid.c */ = {isa = PBXFileReference; fileEncoding = 4; lastKnownFileType = sourcecode.c.c; name = cpuid.c; path = ../cpuid.c; sourceTree = "<group>"; };
		1A8E0F6A1B44C08700E5DCDC /* DesTables.c */ = {isa = PBXFileReference; fileEncoding = 4; lastKnownFileType = sourcecode.c.c; name = DesTables.c; path = ../DesTables.c; sourceTree = "<group>"; };
		1A8E0F6B1B44C08700E5DCDC /* desx.c */ = {isa = PBXFileReference; fileEncoding = 4; lastKnownFileType = sourcecode.c.c; name = desx.c; path = ../desx.c; sourceTree = "<group>"; };
		1A8E0F6C1B44C08700E5DCDC /* env_generic.c */ = {isa = PBXFileReference; fileEncoding = 4; lastKnownFileType = sourcecode.c.c; name = env_generic.c; path = ../env_generic.c; sourceTree = "<group>"; };
		1A8E0F6D1B44C08700E5DCDC /* equal.c */ = {isa = PBXFileReference; fileEncoding = 4; lastKnownFileType = sourcecode.c.c; name = equal.c; path = ../equal.c; sourceTree = "<group>"; };
		1A8E0F6E1B44C08700E5DCDC /* FatalIntercept.c */ = {isa = PBXFileReference; fileEncoding = 4; lastKnownFileType = sourcecode.c.c; name = FatalIntercept.c; path = ../FatalIntercept.c; sourceTree = "<group>"; };
		1A8E0F6F1B44C08700E5DCDC /* gcm.c */ = {isa = PBXFileReference; fileEncoding = 4; lastKnownFileType = sourcecode.c.c; name = gcm.c; path = ../gcm.c; sourceTree = "<group>"; };
		1A8E0F701B44C08700E5DCDC /* ghash.c */ = {isa = PBXFileReference; fileEncoding = 4; lastKnownFileType = sourcecode.c.c; name = ghash.c; path = ../ghash.c; sourceTree = "<group>"; };
		1A8E0F711B44C08700E5DCDC /* hash.c */ = {isa = PBXFileReference; fileEncoding = 4; lastKnownFileType = sourcecode.c.c; name = hash.c; path = ../hash.c; sourceTree = "<group>"; };
		1A8E0F721B44C08700E5DCDC /* hmacmd5.c */ = {isa = PBXFileReference; fileEncoding = 4; lastKnownFileType = sourcecode.c.c; name = hmacmd5.c; path = ../hmacmd5.c; sourceTree = "<group>"; };
		1A8E0F731B44C08700E5DCDC /* hmacsha1.c */ = {isa = PBXFileReference; fileEncoding = 4; lastKnownFileType = sourcecode.c.c; name = hmacsha1.c; path = ../hmacsha1.c; sourceTree = "<group>"; };
		1A8E0F741B44C08700E5DCDC /* hmacsha256.c */ = {isa = PBXFileReference; fileEncoding = 4; lastKnownFileType = sourcecode.c.c; name = hmacsha256.c; path = ../hmacsha256.c; sourceTree = "<group>"; };
		1A8E0F751B44C08700E5DCDC /* hmacsha384.c */ = {isa = PBXFileReference; fileEncoding = 4; lastKnownFileType = sourcecode.c.c; name = hmacsha384.c; path = ../hmacsha384.c; sourceTree = "<group>"; };
		1A8E0F761B44C08700E5DCDC /* hmacsha512.c */ = {isa = PBXFileReference; fileEncoding = 4; lastKnownFileType = sourcecode.c.c; name = hmacsha512.c; path = ../hmacsha512.c; sourceTree = "<group>"; };
		1A8E0F771B44C08700E5DCDC /* libmain.c */ = {isa = PBXFileReference; fileEncoding = 4; lastKnownFileType = sourcecode.c.c; name = libmain.c; path = ../libmain.c; sourceTree = "<group>"; };
		1A8E0F781B44C08700E5DCDC /* marvin32.c */ = {isa = PBXFileReference; fileEncoding = 4; lastKnownFileType = sourcecode.c.c; name = marvin32.c; path = ../marvin32.c; sourceTree = "<group>"; };
		1A8E0F791B44C08700E5DCDC /* md2.c */ = {isa = PBXFileReference; fileEncoding = 4; lastKnownFileType = sourcecode.c.c; name = md2.c; path = ../md2.c; sourceTree = "<group>"; };
		1A8E0F7A1B44C08700E5DCDC /* md4.c */ = {isa = PBXFileReference; fileEncoding = 4; lastKnownFileType = sourcecode.c.c; name = md4.c; path = ../md4.c; sourceTree = "<group>"; };
		1A8E0F7B1B44C08700E5DCDC /* md5.c */ = {isa = PBXFileReference; fileEncoding = 4; lastKnownFileType = sourcecode.c.c; name = md5.c; path = ../md5.c; sourceTree = "<group>"; };
		1A8E0F7C1B44C08700E5DCDC /* parhash.c */ = {isa = PBXFileReference; fileEncoding = 4; lastKnownFileType = sourcecode.c.c; name = parhash.c; path = ../parhash.c; sourceTree = "<group>"; };
		1A8E0F7D1B44C08700E5DCDC /* pbkdf2_hmacsha1.c */ = {isa = PBXFileReference; fileEncoding = 4; lastKnownFileType = sourcecode.c.c; name = pbkdf2_hmacsha1.c; path = ../pbkdf2_hmacsha1.c; sourceTree = "<group>"; };
		1A8E0F7E1B44C08700E5DCDC /* pbkdf2_hmacsha256.c */ = {isa = PBXFileReference; fileEncoding = 4; lastKnownFileType = sourcecode.c.c; name = pbkdf2_hmacsha256.c; path = ../pbkdf2_hmacsha256.c; sourceTree = "<group>"; };
		1A8E0F7F1B44C08700E5DCDC /* pbkdf2.c */ = {isa = PBXFileReference; fileEncoding = 4; lastKnownFileType = sourcecode.c.c; name = pbkdf2.c; path = ../pbkdf2.c; sourceTree = "<group>"; };
		1A8E0F801B44C08700E5DCDC /* precomp.h */ = {isa = PBXFileReference; fileEncoding = 4; lastKnownFileType = sourcecode.c.h; name = precomp.h; path = ../precomp.h; sourceTree = "<group>"; };
		1A8E0F811B44C08700E5DCDC /* rc2.c */ = {isa = PBXFileReference; fileEncoding = 4; lastKnownFileType = sourcecode.c.c; name = rc2.c; path = ../rc2.c; sourceTree = "<group>"; };
		1A8E0F821B44C08700E5DCDC /* rc4.c */ = {isa = PBXFileReference; fileEncoding = 4; lastKnownFileType = sourcecode.c.c; name = rc4.c; path = ../rc4.c; sourceTree = "<group>"; };
		1A8E0F831B44C08700E5DCDC /* rdrand.c */ = {isa = PBXFileReference; fileEncoding = 4; lastKnownFileType = sourcecode.c.c; name = rdrand.c; path = ../rdrand.c; sourceTree = "<group>"; };
		1A8E0F841B44C08700E5DCDC /* rdseed.c */ = {isa = PBXFileReference; fileEncoding = 4; lastKnownFileType = sourcecode.c.c; name = rdseed.c; path = ../rdseed.c; sourceTree = "<group>"; };
		1A8E0F851B44C08700E5DCDC /* sc_lib-testhooks.h */ = {isa = PBXFileReference; fileEncoding = 4; lastKnownFileType = sourcecode.c.h; name = "sc_lib-testhooks.h"; path = "../sc_lib-testhooks.h"; sourceTree = "<group>"; };
		1A8E0F861B44C08700E5DCDC /* sc_lib.h */ = {isa = PBXFileReference; fileEncoding = 4; lastKnownFileType = sourcecode.c.h; name = sc_lib.h; path = ../sc_lib.h; sourceTree = "<group>"; };
		1A8E0F871B44C08700E5DCDC /* selftest.c */ = {isa = PBXFileReference; fileEncoding = 4; lastKnownFileType = sourcecode.c.c; name = selftest.c; path = ../selftest.c; sourceTree = "<group>"; };
		1A8E0F881B44C08700E5DCDC /* sha1.c */ = {isa = PBXFileReference; fileEncoding = 4; lastKnownFileType = sourcecode.c.c; name = sha1.c; path = ../sha1.c; sourceTree = "<group>"; };
		1A8E0F891B44C08700E5DCDC /* sha256.c */ = {isa = PBXFileReference; fileEncoding = 4; lastKnownFileType = sourcecode.c.c; name = sha256.c; path = ../sha256.c; sourceTree = "<group>"; };
		1A8E0F8A1B44C08700E5DCDC /* sha256Par.c */ = {isa = PBXFileReference; fileEncoding = 4; lastKnownFileType = sourcecode.c.c; name = sha256Par.c; path = ../sha256Par.c; sourceTree = "<group>"; };
		1A8E0F8B1B44C08700E5DCDC /* sha512.c */ = {isa = PBXFileReference; fileEncoding = 4; lastKnownFileType = sourcecode.c.c; name = sha512.c; path = ../sha512.c; sourceTree = "<group>"; };
		1A8E0F8C1B44C08700E5DCDC /* sha512par.c */ = {isa = PBXFileReference; fileEncoding = 4; lastKnownFileType = sourcecode.c.c; name = sha512par.c; path = ../sha512par.c; sourceTree = "<group>"; };
		1A8E0F8D1B44C08700E5DCDC /* sp800_108_hmacsha1.c */ = {isa = PBXFileReference; fileEncoding = 4; lastKnownFileType = sourcecode.c.c; name = sp800_108_hmacsha1.c; path = ../sp800_108_hmacsha1.c; sourceTree = "<group>"; };
		1A8E0F8E1B44C08700E5DCDC /* sp800_108_hmacsha256.c */ = {isa = PBXFileReference; fileEncoding = 4; lastKnownFileType = sourcecode.c.c; name = sp800_108_hmacsha256.c; path = ../sp800_108_hmacsha256.c; sourceTree = "<group>"; };
		1A8E0F8F1B44C08700E5DCDC /* sp800_108.c */ = {isa = PBXFileReference; fileEncoding = 4; lastKnownFileType = sourcecode.c.c; name = sp800_108.c; path = ../sp800_108.c; sourceTree = "<group>"; };
		1A8E0F901B44C08700E5DCDC /* tlsprf_selftest.c */ = {isa = PBXFileReference; fileEncoding = 4; lastKnownFileType = sourcecode.c.c; name = tlsprf_selftest.c; path = ../tlsprf_selftest.c; sourceTree = "<group>"; };
		1A8E0F911B44C08700E5DCDC /* tlsprf.c */ = {isa = PBXFileReference; fileEncoding = 4; lastKnownFileType = sourcecode.c.c; name = tlsprf.c; path = ../tlsprf.c; sourceTree = "<group>"; };
		1A8E0F921B44C08700E5DCDC /* wipe.c */ = {isa = PBXFileReference; fileEncoding = 4; lastKnownFileType = sourcecode.c.c; name = wipe.c; path = ../wipe.c; sourceTree = "<group>"; };
		1A8E0F931B44C08700E5DCDC /* xtsaes.c */ = {isa = PBXFileReference; fileEncoding = 4; lastKnownFileType = sourcecode.c.c; name = xtsaes.c; path = ../xtsaes.c; sourceTree = "<group>"; };
		1A8E0FC91B44C0A900E5DCDC /* precomp_iOS.h */ = {isa = PBXFileReference; fileEncoding = 4; lastKnownFileType = sourcecode.c.h; path = precomp_iOS.h; sourceTree = "<group>"; };
		1AFC52A51B44BBB80000C4D3 /* symcrypt.a */ = {isa = PBXFileReference; explicitFileType = archive.ar; includeInIndex = 0; path = symcrypt.a; sourceTree = BUILT_PRODUCTS_DIR; };
/* End PBXFileReference section */

/* Begin PBXFrameworksBuildPhase section */
		1AFC52A21B44BBB80000C4D3 /* Frameworks */ = {
			isa = PBXFrameworksBuildPhase;
			buildActionMask = 2147483647;
			files = (
			);
			runOnlyForDeploymentPostprocessing = 0;
		};
/* End PBXFrameworksBuildPhase section */

/* Begin PBXGroup section */
		1A8E0F541B44C01300E5DCDC /* Headers */ = {
			isa = PBXGroup;
			children = (
				1A8E0F551B44C02A00E5DCDC /* symcrypt_inline.h */,
				1A8E0F561B44C02A00E5DCDC /* symcrypt_internal.h */,
				1A8E0F571B44C02A00E5DCDC /* symcrypt_no_sal.h */,
				1A8E0F581B44C02A00E5DCDC /* symcrypt_types.h */,
				1A8E0F591B44C02A00E5DCDC /* symcrypt.h */,
			);
			name = Headers;
			sourceTree = "<group>";
		};
		1A8E0F5A1B44C02E00E5DCDC /* Sources */ = {
			isa = PBXGroup;
			children = (
				1A8E0FC91B44C0A900E5DCDC /* precomp_iOS.h */,
				1A8E0F5C1B44C08700E5DCDC /* 3des.c */,
				1A8E0F5D1B44C08700E5DCDC /* aes-asm.c */,
				1A8E0F5E1B44C08700E5DCDC /* aes-c.c */,
				1A8E0F5F1B44C08700E5DCDC /* aes-default-bc.c */,
				1A8E0F601B44C08700E5DCDC /* aes-default.c */,
				1A8E0F611B44C08700E5DCDC /* aes-key.c */,
				1A8E0F621B44C08700E5DCDC /* aes-selftest.c */,
				1A8E0F631B44C08700E5DCDC /* aes-xmm.c */,
				1A8E0F641B44C08700E5DCDC /* aescmac.c */,
				1A8E0F651B44C08700E5DCDC /* aesCtrDrbg.c */,
				1A8E0F661B44C08700E5DCDC /* AesTables.c */,
				1A8E0F671B44C08700E5DCDC /* blockciphermodes.c */,
				1A8E0F681B44C08700E5DCDC /* ccm.c */,
				1A8E0F691B44C08700E5DCDC /* cpuid.c */,
				1A8E0F6A1B44C08700E5DCDC /* DesTables.c */,
				1A8E0F6B1B44C08700E5DCDC /* desx.c */,
				1A8E0F6C1B44C08700E5DCDC /* env_generic.c */,
				1A8E0F6D1B44C08700E5DCDC /* equal.c */,
				1A8E0F6E1B44C08700E5DCDC /* FatalIntercept.c */,
				1A8E0F6F1B44C08700E5DCDC /* gcm.c */,
				1A8E0F701B44C08700E5DCDC /* ghash.c */,
				1A8E0F711B44C08700E5DCDC /* hash.c */,
				1A8E0F721B44C08700E5DCDC /* hmacmd5.c */,
				1A8E0F731B44C08700E5DCDC /* hmacsha1.c */,
				1A8E0F741B44C08700E5DCDC /* hmacsha256.c */,
				1A8E0F751B44C08700E5DCDC /* hmacsha384.c */,
				1A8E0F761B44C08700E5DCDC /* hmacsha512.c */,
				1A8E0F771B44C08700E5DCDC /* libmain.c */,
				1A8E0F781B44C08700E5DCDC /* marvin32.c */,
				1A8E0F791B44C08700E5DCDC /* md2.c */,
				1A8E0F7A1B44C08700E5DCDC /* md4.c */,
				1A8E0F7B1B44C08700E5DCDC /* md5.c */,
				1A8E0F7C1B44C08700E5DCDC /* parhash.c */,
				1A8E0F7D1B44C08700E5DCDC /* pbkdf2_hmacsha1.c */,
				1A8E0F7E1B44C08700E5DCDC /* pbkdf2_hmacsha256.c */,
				1A8E0F7F1B44C08700E5DCDC /* pbkdf2.c */,
				1A8E0F801B44C08700E5DCDC /* precomp.h */,
				1A8E0F811B44C08700E5DCDC /* rc2.c */,
				1A8E0F821B44C08700E5DCDC /* rc4.c */,
				1A8E0F831B44C08700E5DCDC /* rdrand.c */,
				1A8E0F841B44C08700E5DCDC /* rdseed.c */,
				1A8E0F851B44C08700E5DCDC /* sc_lib-testhooks.h */,
				1A8E0F861B44C08700E5DCDC /* sc_lib.h */,
				1A8E0F871B44C08700E5DCDC /* selftest.c */,
				1A8E0F881B44C08700E5DCDC /* sha1.c */,
				1A8E0F891B44C08700E5DCDC /* sha256.c */,
				1A8E0F8A1B44C08700E5DCDC /* sha256Par.c */,
				1A8E0F8B1B44C08700E5DCDC /* sha512.c */,
				1A8E0F8C1B44C08700E5DCDC /* sha512par.c */,
				1A8E0F8D1B44C08700E5DCDC /* sp800_108_hmacsha1.c */,
				1A8E0F8E1B44C08700E5DCDC /* sp800_108_hmacsha256.c */,
				1A8E0F8F1B44C08700E5DCDC /* sp800_108.c */,
				1A8E0F901B44C08700E5DCDC /* tlsprf_selftest.c */,
				1A8E0F911B44C08700E5DCDC /* tlsprf.c */,
				1A8E0F921B44C08700E5DCDC /* wipe.c */,
				1A8E0F931B44C08700E5DCDC /* xtsaes.c */,
			);
			name = Sources;
			sourceTree = "<group>";
		};
		1AFC529C1B44BBB80000C4D3 = {
			isa = PBXGroup;
			children = (
				1A8E0F541B44C01300E5DCDC /* Headers */,
				1A8E0F5A1B44C02E00E5DCDC /* Sources */,
				1AFC52A61B44BBB80000C4D3 /* Products */,
			);
			sourceTree = "<group>";
		};
		1AFC52A61B44BBB80000C4D3 /* Products */ = {
			isa = PBXGroup;
			children = (
				1AFC52A51B44BBB80000C4D3 /* symcrypt.a */,
			);
			name = Products;
			sourceTree = "<group>";
		};
/* End PBXGroup section */

/* Begin PBXNativeTarget section */
		1AFC52A41B44BBB80000C4D3 /* symcrypt */ = {
			isa = PBXNativeTarget;
			buildConfigurationList = 1AFC52B91B44BBB80000C4D3 /* Build configuration list for PBXNativeTarget "symcrypt" */;
			buildPhases = (
				1AFC52A11B44BBB80000C4D3 /* Sources */,
				1AFC52A21B44BBB80000C4D3 /* Frameworks */,
				1AFC52A31B44BBB80000C4D3 /* CopyFiles */,
			);
			buildRules = (
			);
			dependencies = (
			);
			name = symcrypt;
			productName = symcrypt;
			productReference = 1AFC52A51B44BBB80000C4D3 /* symcrypt.a */;
			productType = "com.apple.product-type.library.static";
		};
/* End PBXNativeTarget section */

/* Begin PBXProject section */
		1AFC529D1B44BBB80000C4D3 /* Project object */ = {
			isa = PBXProject;
			attributes = {
				LastUpgradeCheck = 0620;
				ORGANIZATIONNAME = Microsoft;
				TargetAttributes = {
					1AFC52A41B44BBB80000C4D3 = {
						CreatedOnToolsVersion = 6.2;
					};
				};
			};
			buildConfigurationList = 1AFC52A01B44BBB80000C4D3 /* Build configuration list for PBXProject "symcrypt" */;
			compatibilityVersion = "Xcode 3.2";
			developmentRegion = English;
			hasScannedForEncodings = 0;
			knownRegions = (
				en,
			);
			mainGroup = 1AFC529C1B44BBB80000C4D3;
			productRefGroup = 1AFC52A61B44BBB80000C4D3 /* Products */;
			projectDirPath = "";
			projectRoot = "";
			targets = (
				1AFC52A41B44BBB80000C4D3 /* symcrypt */,
			);
		};
/* End PBXProject section */

/* Begin PBXSourcesBuildPhase section */
		1AFC52A11B44BBB80000C4D3 /* Sources */ = {
			isa = PBXSourcesBuildPhase;
			buildActionMask = 2147483647;
			files = (
				1A8E0FC71B44C08700E5DCDC /* wipe.c in Sources */,
				1A8E0FC51B44C08700E5DCDC /* tlsprf_selftest.c in Sources */,
				1A8E0FBF1B44C08700E5DCDC /* sha256Par.c in Sources */,
				1A8E0FC41B44C08700E5DCDC /* sp800_108.c in Sources */,
				1A8E0FA81B44C08700E5DCDC /* ghash.c in Sources */,
				1A8E0FAE1B44C08700E5DCDC /* hmacsha512.c in Sources */,
				1A8E0FAD1B44C08700E5DCDC /* hmacsha384.c in Sources */,
				1A8E0FC01B44C08700E5DCDC /* sha512.c in Sources */,
				1A8E0FAB1B44C08700E5DCDC /* hmacsha1.c in Sources */,
				1A8E0FA61B44C08700E5DCDC /* FatalIntercept.c in Sources */,
				1A8E0FC11B44C08700E5DCDC /* sha512par.c in Sources */,
				1A8E0FB21B44C08700E5DCDC /* md4.c in Sources */,
				1A8E0FAC1B44C08700E5DCDC /* hmacsha256.c in Sources */,
				1A8E0FA71B44C08700E5DCDC /* gcm.c in Sources */,
				1A8E0F981B44C08700E5DCDC /* aes-default.c in Sources */,
				1A8E0FA11B44C08700E5DCDC /* cpuid.c in Sources */,
				1A8E0F9F1B44C08700E5DCDC /* blockciphermodes.c in Sources */,
				1A8E0F9E1B44C08700E5DCDC /* AesTables.c in Sources */,
				1A8E0FA21B44C08700E5DCDC /* DesTables.c in Sources */,
				1A8E0F961B44C08700E5DCDC /* aes-c.c in Sources */,
				1A8E0FB51B44C08700E5DCDC /* pbkdf2_hmacsha1.c in Sources */,
				1A8E0FA41B44C08700E5DCDC /* env_generic.c in Sources */,
				1A8E0FBB1B44C08700E5DCDC /* rdseed.c in Sources */,
				1A8E0FBC1B44C08700E5DCDC /* selftest.c in Sources */,
				1A8E0FBD1B44C08700E5DCDC /* sha1.c in Sources */,
				1A8E0FA01B44C08700E5DCDC /* ccm.c in Sources */,
				1A8E0FB11B44C08700E5DCDC /* md2.c in Sources */,
				1A8E0FB71B44C08700E5DCDC /* pbkdf2.c in Sources */,
				1A8E0FB41B44C08700E5DCDC /* parhash.c in Sources */,
				1A8E0FC21B44C08700E5DCDC /* sp800_108_hmacsha1.c in Sources */,
				1A8E0F9C1B44C08700E5DCDC /* aescmac.c in Sources */,
				1A8E0FC81B44C08700E5DCDC /* xtsaes.c in Sources */,
				1A8E0FB01B44C08700E5DCDC /* marvin32.c in Sources */,
				1A8E0F9B1B44C08700E5DCDC /* aes-xmm.c in Sources */,
				1A8E0FB61B44C08700E5DCDC /* pbkdf2_hmacsha256.c in Sources */,
				1A8E0FBA1B44C08700E5DCDC /* rdrand.c in Sources */,
				1A8E0F9D1B44C08700E5DCDC /* aesCtrDrbg.c in Sources */,
				1A8E0FAF1B44C08700E5DCDC /* libmain.c in Sources */,
				1A8E0F941B44C08700E5DCDC /* 3des.c in Sources */,
				1A8E0FA51B44C08700E5DCDC /* equal.c in Sources */,
				1A8E0FBE1B44C08700E5DCDC /* sha256.c in Sources */,
				1A8E0FA31B44C08700E5DCDC /* desx.c in Sources */,
				1A8E0FB81B44C08700E5DCDC /* rc2.c in Sources */,
				1A8E0F9A1B44C08700E5DCDC /* aes-selftest.c in Sources */,
				1A8E0F971B44C08700E5DCDC /* aes-default-bc.c in Sources */,
				1A8E0FA91B44C08700E5DCDC /* hash.c in Sources */,
				1A8E0FB31B44C08700E5DCDC /* md5.c in Sources */,
				1A8E0FC31B44C08700E5DCDC /* sp800_108_hmacsha256.c in Sources */,
				1A8E0F951B44C08700E5DCDC /* aes-asm.c in Sources */,
				1A8E0FB91B44C08700E5DCDC /* rc4.c in Sources */,
				1A8E0F991B44C08700E5DCDC /* aes-key.c in Sources */,
				1A8E0FAA1B44C08700E5DCDC /* hmacmd5.c in Sources */,
				1A8E0FC61B44C08700E5DCDC /* tlsprf.c in Sources */,
			);
			runOnlyForDeploymentPostprocessing = 0;
		};
/* End PBXSourcesBuildPhase section */

/* Begin XCBuildConfiguration section */
		1AFC52B71B44BBB80000C4D3 /* Debug */ = {
			isa = XCBuildConfiguration;
			buildSettings = {
				ALWAYS_SEARCH_USER_PATHS = NO;
				CLANG_CXX_LANGUAGE_STANDARD = "gnu++0x";
				CLANG_CXX_LIBRARY = "libc++";
				CLANG_ENABLE_MODULES = YES;
				CLANG_ENABLE_OBJC_ARC = YES;
				CLANG_WARN_BOOL_CONVERSION = YES;
				CLANG_WARN_CONSTANT_CONVERSION = YES;
				CLANG_WARN_DIRECT_OBJC_ISA_USAGE = YES_ERROR;
				CLANG_WARN_EMPTY_BODY = YES;
				CLANG_WARN_ENUM_CONVERSION = YES;
				CLANG_WARN_INT_CONVERSION = YES;
				CLANG_WARN_OBJC_ROOT_CLASS = YES_ERROR;
				CLANG_WARN_UNREACHABLE_CODE = YES;
				CLANG_WARN__DUPLICATE_METHOD_MATCH = YES;
				COPY_PHASE_STRIP = NO;
				ENABLE_STRICT_OBJC_MSGSEND = YES;
				GCC_C_LANGUAGE_STANDARD = gnu99;
				GCC_DYNAMIC_NO_PIC = NO;
				GCC_OPTIMIZATION_LEVEL = 0;
				GCC_PREPROCESSOR_DEFINITIONS = (
					"DEBUG=1",
					"$(inherited)",
				);
				GCC_SYMBOLS_PRIVATE_EXTERN = NO;
				GCC_WARN_64_TO_32_BIT_CONVERSION = YES;
				GCC_WARN_ABOUT_RETURN_TYPE = YES_ERROR;
				GCC_WARN_UNDECLARED_SELECTOR = YES;
				GCC_WARN_UNINITIALIZED_AUTOS = YES_AGGRESSIVE;
				GCC_WARN_UNUSED_FUNCTION = YES;
				GCC_WARN_UNUSED_VARIABLE = YES;
				IPHONEOS_DEPLOYMENT_TARGET = 8.2;
				MTL_ENABLE_DEBUG_INFO = YES;
				ONLY_ACTIVE_ARCH = YES;
				SDKROOT = iphoneos;
			};
			name = Debug;
		};
		1AFC52B81B44BBB80000C4D3 /* Release */ = {
			isa = XCBuildConfiguration;
			buildSettings = {
				ALWAYS_SEARCH_USER_PATHS = NO;
				CLANG_CXX_LANGUAGE_STANDARD = "gnu++0x";
				CLANG_CXX_LIBRARY = "libc++";
				CLANG_ENABLE_MODULES = YES;
				CLANG_ENABLE_OBJC_ARC = YES;
				CLANG_WARN_BOOL_CONVERSION = YES;
				CLANG_WARN_CONSTANT_CONVERSION = YES;
				CLANG_WARN_DIRECT_OBJC_ISA_USAGE = YES_ERROR;
				CLANG_WARN_EMPTY_BODY = YES;
				CLANG_WARN_ENUM_CONVERSION = YES;
				CLANG_WARN_INT_CONVERSION = YES;
				CLANG_WARN_OBJC_ROOT_CLASS = YES_ERROR;
				CLANG_WARN_UNREACHABLE_CODE = YES;
				CLANG_WARN__DUPLICATE_METHOD_MATCH = YES;
				COPY_PHASE_STRIP = NO;
				ENABLE_NS_ASSERTIONS = NO;
				ENABLE_STRICT_OBJC_MSGSEND = YES;
				GCC_C_LANGUAGE_STANDARD = gnu99;
				GCC_WARN_64_TO_32_BIT_CONVERSION = YES;
				GCC_WARN_ABOUT_RETURN_TYPE = YES_ERROR;
				GCC_WARN_UNDECLARED_SELECTOR = YES;
				GCC_WARN_UNINITIALIZED_AUTOS = YES_AGGRESSIVE;
				GCC_WARN_UNUSED_FUNCTION = YES;
				GCC_WARN_UNUSED_VARIABLE = YES;
				IPHONEOS_DEPLOYMENT_TARGET = 8.2;
				MTL_ENABLE_DEBUG_INFO = NO;
				SDKROOT = iphoneos;
				VALIDATE_PRODUCT = YES;
			};
			name = Release;
		};
		1AFC52BA1B44BBB80000C4D3 /* Debug */ = {
			isa = XCBuildConfiguration;
			buildSettings = {
				EXECUTABLE_PREFIX = "";
				OTHER_LDFLAGS = "-ObjC";
				PRODUCT_NAME = "$(TARGET_NAME)";
				SKIP_INSTALL = YES;
			};
			name = Debug;
		};
		1AFC52BB1B44BBB80000C4D3 /* Release */ = {
			isa = XCBuildConfiguration;
			buildSettings = {
				EXECUTABLE_PREFIX = "";
				OTHER_LDFLAGS = "-ObjC";
				PRODUCT_NAME = "$(TARGET_NAME)";
				SKIP_INSTALL = YES;
			};
			name = Release;
		};
/* End XCBuildConfiguration section */

/* Begin XCConfigurationList section */
		1AFC52A01B44BBB80000C4D3 /* Build configuration list for PBXProject "symcrypt" */ = {
			isa = XCConfigurationList;
			buildConfigurations = (
				1AFC52B71B44BBB80000C4D3 /* Debug */,
				1AFC52B81B44BBB80000C4D3 /* Release */,
			);
			defaultConfigurationIsVisible = 0;
			defaultConfigurationName = Release;
		};
		1AFC52B91B44BBB80000C4D3 /* Build configuration list for PBXNativeTarget "symcrypt" */ = {
			isa = XCConfigurationList;
			buildConfigurations = (
				1AFC52BA1B44BBB80000C4D3 /* Debug */,
				1AFC52BB1B44BBB80000C4D3 /* Release */,
			);
			defaultConfigurationIsVisible = 0;
			defaultConfigurationName = Release;
		};
/* End XCConfigurationList section */
	};
	rootObject = 1AFC529D1B44BBB80000C4D3 /* Project object */;
}
